
Microsoft Visual Studio Solution File, Format Version 12.00
# Visual Studio Version 17
VisualStudioVersion = 17.10.34928.147
MinimumVisualStudioVersion = 10.0.40219.1
Project("{FAE04EC0-301F-11D3-BF4B-00C04F79EFBC}") = "Order.Manager.API", "Order.Manager.API\Order.Manager.API.csproj", "{D34F26E9-28BB-482F-BDA1-8FE843409855}"
EndProject
Global
	GlobalSection(SolutionConfigurationPlatforms) = preSolution
		Debug|Any CPU = Debug|Any CPU
		Release|Any CPU = Release|Any CPU
	EndGlobalSection
	GlobalSection(ProjectConfigurationPlatforms) = postSolution
		{D34F26E9-28BB-482F-BDA1-8FE843409855}.Debug|Any CPU.ActiveCfg = Debug|Any CPU
		{D34F26E9-28BB-482F-BDA1-8FE843409855}.Debug|Any CPU.Build.0 = Debug|Any CPU
		{D34F26E9-28BB-482F-BDA1-8FE843409855}.Release|Any CPU.ActiveCfg = Release|Any CPU
		{D34F26E9-28BB-482F-BDA1-8FE843409855}.Release|Any CPU.Build.0 = Release|Any CPU
	EndGlobalSection
	GlobalSection(SolutionProperties) = preSolution
		HideSolutionNode = FALSE
	EndGlobalSection
	GlobalSection(ExtensibilityGlobals) = postSolution
		SolutionGuid = {4E007526-8652-4A3F-97E7-B1979FF8AFDC}
	EndGlobalSection
EndGlobal
